
Microsoft Visual Studio Solution File, Format Version 12.00
# Visual Studio Version 16
VisualStudioVersion = 16.0.35325.158
MinimumVisualStudioVersion = 10.0.40219.1
Project("{FAE04EC0-301F-11D3-BF4B-00C04F79EFBC}") = "ConsoleAppPhone", "ConsoleAppPhone\ConsoleAppPhone.csproj", "{043CF1A2-8642-4366-8D6B-A4A82489CE24}"
EndProject
Global
	GlobalSection(SolutionConfigurationPlatforms) = preSolution
		Debug|Any CPU = Debug|Any CPU
		Release|Any CPU = Release|Any CPU
	EndGlobalSection
	GlobalSection(ProjectConfigurationPlatforms) = postSolution
		{043CF1A2-8642-4366-8D6B-A4A82489CE24}.Debug|Any CPU.ActiveCfg = Debug|Any CPU
		{043CF1A2-8642-4366-8D6B-A4A82489CE24}.Debug|Any CPU.Build.0 = Debug|Any CPU
		{043CF1A2-8642-4366-8D6B-A4A82489CE24}.Release|Any CPU.ActiveCfg = Release|Any CPU
		{043CF1A2-8642-4366-8D6B-A4A82489CE24}.Release|Any CPU.Build.0 = Release|Any CPU
	EndGlobalSection
	GlobalSection(SolutionProperties) = preSolution
		HideSolutionNode = FALSE
	EndGlobalSection
	GlobalSection(ExtensibilityGlobals) = postSolution
		SolutionGuid = {366FDFB9-8341-40E8-BC49-43F0B0738546}
	EndGlobalSection
EndGlobal
